
Microsoft Visual Studio Solution File, Format Version 12.00
Project("{FAE04EC0-301F-11D3-BF4B-00C04F79EFBC}") = "expense-track-backend", "expense-track-backend\expense-track-backend.csproj", "{1ECC7E6F-DC38-4B8F-AC6E-01DFB3EAFF02}"
EndProject
Project("{2150E333-8FDC-42A3-9474-1A3956D46DE8}") = "Modules", "Modules", "{CA253913-39DE-BFD0-C9A3-4B7EC6FBDF17}"
EndProject
Project("{2150E333-8FDC-42A3-9474-1A3956D46DE8}") = "Categories", "Categories", "{C7F0D1B2-BADC-7D06-21E4-1F77940F41FA}"
EndProject
Project("{FAE04EC0-301F-11D3-BF4B-00C04F79EFBC}") = "Categories.Application", "Modules\Categories\Categories.Application\Categories.Application.csproj", "{FD0D7319-B6E0-4E22-BD83-C6EBD27640CC}"
EndProject
Project("{FAE04EC0-301F-11D3-BF4B-00C04F79EFBC}") = "Categories.Domain", "Modules\Categories\Categories.Domain\Categories.Domain.csproj", "{F7CD6C97-8F58-444C-84BA-2D2866E6AD9B}"
EndProject
Project("{FAE04EC0-301F-11D3-BF4B-00C04F79EFBC}") = "Categories.Infrastructure", "Modules\Categories\Categories.Infrastructure\Categories.Infrastructure.csproj", "{D5508904-1E4B-46D0-9B7B-4708B5AE85B0}"
EndProject
Project("{2150E333-8FDC-42A3-9474-1A3956D46DE8}") = "Expenses", "Expenses", "{AD5499ED-D4F1-A0A2-3277-706E091CFC62}"
EndProject
Project("{FAE04EC0-301F-11D3-BF4B-00C04F79EFBC}") = "Expenses.Application", "Modules\Expenses\Expenses.Application\Expenses.Application.csproj", "{B9BE5231-D77B-4DE9-9B46-ACFB5DD6CEA7}"
EndProject
Project("{FAE04EC0-301F-11D3-BF4B-00C04F79EFBC}") = "Expenses.Domain", "Modules\Expenses\Expenses.Domain\Expenses.Domain.csproj", "{B467CE81-749E-45C0-9596-0D8E8F0A61CC}"
EndProject
Project("{FAE04EC0-301F-11D3-BF4B-00C04F79EFBC}") = "Expenses.Infrastructure", "Modules\Expenses\Expenses.Infrastructure\Expenses.Infrastructure.csproj", "{F79AD15D-F923-498D-B1F3-D00E6360C3F5}"
EndProject
Project("{2150E333-8FDC-42A3-9474-1A3956D46DE8}") = "Identity", "Identity", "{293C06CD-4E17-48BD-9F3B-B5ADDFFA9425}"
EndProject
Project("{FAE04EC0-301F-11D3-BF4B-00C04F79EFBC}") = "Identity.Application", "Modules\Identity\Identity.Application\Identity.Application.csproj", "{2CAE47F7-8EAC-46B7-9CAF-ABFA09201486}"
EndProject
Project("{FAE04EC0-301F-11D3-BF4B-00C04F79EFBC}") = "Identity.Domain", "Modules\Identity\Identity.Domain\Identity.Domain.csproj", "{B73C50E5-DD68-4C5F-B214-7EA8AA68B6A9}"
EndProject
Project("{FAE04EC0-301F-11D3-BF4B-00C04F79EFBC}") = "Identity.Infrastructure", "Modules\Identity\Identity.Infrastructure\Identity.Infrastructure.csproj", "{E0A6247D-DB07-493C-BC19-20494D9CF30F}"
EndProject
Project("{2150E333-8FDC-42A3-9474-1A3956D46DE8}") = "Reporting", "Reporting", "{45CD067C-33C4-C372-B034-427CD4E5B7A1}"
EndProject
Project("{FAE04EC0-301F-11D3-BF4B-00C04F79EFBC}") = "Reporting.Application", "Modules\Reporting\Reporting.Application\Reporting.Application.csproj", "{59BC4B8A-62D8-4B4A-971F-4AD31AEB890A}"
EndProject
Project("{FAE04EC0-301F-11D3-BF4B-00C04F79EFBC}") = "Reporting.Domain", "Modules\Reporting\Reporting.Domain\Reporting.Domain.csproj", "{0A919117-6128-430D-A2AC-A36096AC6D11}"
EndProject
Project("{FAE04EC0-301F-11D3-BF4B-00C04F79EFBC}") = "Reporting.Infrastructure", "Modules\Reporting\Reporting.Infrastructure\Reporting.Infrastructure.csproj", "{6EE7A547-B000-46F7-9E8C-1AF2EBDD15CC}"
EndProject
Global
	GlobalSection(SolutionConfigurationPlatforms) = preSolution
		Debug|Any CPU = Debug|Any CPU
		Debug|x64 = Debug|x64
		Debug|x86 = Debug|x86
		Release|Any CPU = Release|Any CPU
		Release|x64 = Release|x64
		Release|x86 = Release|x86
	EndGlobalSection
	GlobalSection(ProjectConfigurationPlatforms) = postSolution
		{1ECC7E6F-DC38-4B8F-AC6E-01DFB3EAFF02}.Debug|Any CPU.ActiveCfg = Debug|Any CPU
		{1ECC7E6F-DC38-4B8F-AC6E-01DFB3EAFF02}.Debug|Any CPU.Build.0 = Debug|Any CPU
		{1ECC7E6F-DC38-4B8F-AC6E-01DFB3EAFF02}.Debug|x64.ActiveCfg = Debug|Any CPU
		{1ECC7E6F-DC38-4B8F-AC6E-01DFB3EAFF02}.Debug|x64.Build.0 = Debug|Any CPU
		{1ECC7E6F-DC38-4B8F-AC6E-01DFB3EAFF02}.Debug|x86.ActiveCfg = Debug|Any CPU
		{1ECC7E6F-DC38-4B8F-AC6E-01DFB3EAFF02}.Debug|x86.Build.0 = Debug|Any CPU
		{1ECC7E6F-DC38-4B8F-AC6E-01DFB3EAFF02}.Release|Any CPU.ActiveCfg = Release|Any CPU
		{1ECC7E6F-DC38-4B8F-AC6E-01DFB3EAFF02}.Release|Any CPU.Build.0 = Release|Any CPU
		{1ECC7E6F-DC38-4B8F-AC6E-01DFB3EAFF02}.Release|x64.ActiveCfg = Release|Any CPU
		{1ECC7E6F-DC38-4B8F-AC6E-01DFB3EAFF02}.Release|x64.Build.0 = Release|Any CPU
		{1ECC7E6F-DC38-4B8F-AC6E-01DFB3EAFF02}.Release|x86.ActiveCfg = Release|Any CPU
		{1ECC7E6F-DC38-4B8F-AC6E-01DFB3EAFF02}.Release|x86.Build.0 = Release|Any CPU
		{FD0D7319-B6E0-4E22-BD83-C6EBD27640CC}.Debug|Any CPU.ActiveCfg = Debug|Any CPU
		{FD0D7319-B6E0-4E22-BD83-C6EBD27640CC}.Debug|Any CPU.Build.0 = Debug|Any CPU
		{FD0D7319-B6E0-4E22-BD83-C6EBD27640CC}.Debug|x64.ActiveCfg = Debug|Any CPU
		{FD0D7319-B6E0-4E22-BD83-C6EBD27640CC}.Debug|x64.Build.0 = Debug|Any CPU
		{FD0D7319-B6E0-4E22-BD83-C6EBD27640CC}.Debug|x86.ActiveCfg = Debug|Any CPU
		{FD0D7319-B6E0-4E22-BD83-C6EBD27640CC}.Debug|x86.Build.0 = Debug|Any CPU
		{FD0D7319-B6E0-4E22-BD83-C6EBD27640CC}.Release|Any CPU.ActiveCfg = Release|Any CPU
		{FD0D7319-B6E0-4E22-BD83-C6EBD27640CC}.Release|Any CPU.Build.0 = Release|Any CPU
		{FD0D7319-B6E0-4E22-BD83-C6EBD27640CC}.Release|x64.ActiveCfg = Release|Any CPU
		{FD0D7319-B6E0-4E22-BD83-C6EBD27640CC}.Release|x64.Build.0 = Release|Any CPU
		{FD0D7319-B6E0-4E22-BD83-C6EBD27640CC}.Release|x86.ActiveCfg = Release|Any CPU
		{FD0D7319-B6E0-4E22-BD83-C6EBD27640CC}.Release|x86.Build.0 = Release|Any CPU
		{F7CD6C97-8F58-444C-84BA-2D2866E6AD9B}.Debug|Any CPU.ActiveCfg = Debug|Any CPU
		{F7CD6C97-8F58-444C-84BA-2D2866E6AD9B}.Debug|Any CPU.Build.0 = Debug|Any CPU
		{F7CD6C97-8F58-444C-84BA-2D2866E6AD9B}.Debug|x64.ActiveCfg = Debug|Any CPU
		{F7CD6C97-8F58-444C-84BA-2D2866E6AD9B}.Debug|x64.Build.0 = Debug|Any CPU
		{F7CD6C97-8F58-444C-84BA-2D2866E6AD9B}.Debug|x86.ActiveCfg = Debug|Any CPU
		{F7CD6C97-8F58-444C-84BA-2D2866E6AD9B}.Debug|x86.Build.0 = Debug|Any CPU
		{F7CD6C97-8F58-444C-84BA-2D2866E6AD9B}.Release|Any CPU.ActiveCfg = Release|Any CPU
		{F7CD6C97-8F58-444C-84BA-2D2866E6AD9B}.Release|Any CPU.Build.0 = Release|Any CPU
		{F7CD6C97-8F58-444C-84BA-2D2866E6AD9B}.Release|x64.ActiveCfg = Release|Any CPU
		{F7CD6C97-8F58-444C-84BA-2D2866E6AD9B}.Release|x64.Build.0 = Release|Any CPU
		{F7CD6C97-8F58-444C-84BA-2D2866E6AD9B}.Release|x86.ActiveCfg = Release|Any CPU
		{F7CD6C97-8F58-444C-84BA-2D2866E6AD9B}.Release|x86.Build.0 = Release|Any CPU
		{D5508904-1E4B-46D0-9B7B-4708B5AE85B0}.Debug|Any CPU.ActiveCfg = Debug|Any CPU
		{D5508904-1E4B-46D0-9B7B-4708B5AE85B0}.Debug|Any CPU.Build.0 = Debug|Any CPU
		{D5508904-1E4B-46D0-9B7B-4708B5AE85B0}.Debug|x64.ActiveCfg = Debug|Any CPU
		{D5508904-1E4B-46D0-9B7B-4708B5AE85B0}.Debug|x64.Build.0 = Debug|Any CPU
		{D5508904-1E4B-46D0-9B7B-4708B5AE85B0}.Debug|x86.ActiveCfg = Debug|Any CPU
		{D5508904-1E4B-46D0-9B7B-4708B5AE85B0}.Debug|x86.Build.0 = Debug|Any CPU
		{D5508904-1E4B-46D0-9B7B-4708B5AE85B0}.Release|Any CPU.ActiveCfg = Release|Any CPU
		{D5508904-1E4B-46D0-9B7B-4708B5AE85B0}.Release|Any CPU.Build.0 = Release|Any CPU
		{D5508904-1E4B-46D0-9B7B-4708B5AE85B0}.Release|x64.ActiveCfg = Release|Any CPU
		{D5508904-1E4B-46D0-9B7B-4708B5AE85B0}.Release|x64.Build.0 = Release|Any CPU
		{D5508904-1E4B-46D0-9B7B-4708B5AE85B0}.Release|x86.ActiveCfg = Release|Any CPU
		{D5508904-1E4B-46D0-9B7B-4708B5AE85B0}.Release|x86.Build.0 = Release|Any CPU
		{B9BE5231-D77B-4DE9-9B46-ACFB5DD6CEA7}.Debug|Any CPU.ActiveCfg = Debug|Any CPU
		{B9BE5231-D77B-4DE9-9B46-ACFB5DD6CEA7}.Debug|Any CPU.Build.0 = Debug|Any CPU
		{B9BE5231-D77B-4DE9-9B46-ACFB5DD6CEA7}.Debug|x64.ActiveCfg = Debug|Any CPU
		{B9BE5231-D77B-4DE9-9B46-ACFB5DD6CEA7}.Debug|x64.Build.0 = Debug|Any CPU
		{B9BE5231-D77B-4DE9-9B46-ACFB5DD6CEA7}.Debug|x86.ActiveCfg = Debug|Any CPU
		{B9BE5231-D77B-4DE9-9B46-ACFB5DD6CEA7}.Debug|x86.Build.0 = Debug|Any CPU
		{B9BE5231-D77B-4DE9-9B46-ACFB5DD6CEA7}.Release|Any CPU.ActiveCfg = Release|Any CPU
		{B9BE5231-D77B-4DE9-9B46-ACFB5DD6CEA7}.Release|Any CPU.Build.0 = Release|Any CPU
		{B9BE5231-D77B-4DE9-9B46-ACFB5DD6CEA7}.Release|x64.ActiveCfg = Release|Any CPU
		{B9BE5231-D77B-4DE9-9B46-ACFB5DD6CEA7}.Release|x64.Build.0 = Release|Any CPU
		{B9BE5231-D77B-4DE9-9B46-ACFB5DD6CEA7}.Release|x86.ActiveCfg = Release|Any CPU
		{B9BE5231-D77B-4DE9-9B46-ACFB5DD6CEA7}.Release|x86.Build.0 = Release|Any CPU
		{B467CE81-749E-45C0-9596-0D8E8F0A61CC}.Debug|Any CPU.ActiveCfg = Debug|Any CPU
		{B467CE81-749E-45C0-9596-0D8E8F0A61CC}.Debug|Any CPU.Build.0 = Debug|Any CPU
		{B467CE81-749E-45C0-9596-0D8E8F0A61CC}.Debug|x64.ActiveCfg = Debug|Any CPU
		{B467CE81-749E-45C0-9596-0D8E8F0A61CC}.Debug|x64.Build.0 = Debug|Any CPU
		{B467CE81-749E-45C0-9596-0D8E8F0A61CC}.Debug|x86.ActiveCfg = Debug|Any CPU
		{B467CE81-749E-45C0-9596-0D8E8F0A61CC}.Debug|x86.Build.0 = Debug|Any CPU
		{B467CE81-749E-45C0-9596-0D8E8F0A61CC}.Release|Any CPU.ActiveCfg = Release|Any CPU
		{B467CE81-749E-45C0-9596-0D8E8F0A61CC}.Release|Any CPU.Build.0 = Release|Any CPU
		{B467CE81-749E-45C0-9596-0D8E8F0A61CC}.Release|x64.ActiveCfg = Release|Any CPU
		{B467CE81-749E-45C0-9596-0D8E8F0A61CC}.Release|x64.Build.0 = Release|Any CPU
		{B467CE81-749E-45C0-9596-0D8E8F0A61CC}.Release|x86.ActiveCfg = Release|Any CPU
		{B467CE81-749E-45C0-9596-0D8E8F0A61CC}.Release|x86.Build.0 = Release|Any CPU
		{F79AD15D-F923-498D-B1F3-D00E6360C3F5}.Debug|Any CPU.ActiveCfg = Debug|Any CPU
		{F79AD15D-F923-498D-B1F3-D00E6360C3F5}.Debug|Any CPU.Build.0 = Debug|Any CPU
		{F79AD15D-F923-498D-B1F3-D00E6360C3F5}.Debug|x64.ActiveCfg = Debug|Any CPU
		{F79AD15D-F923-498D-B1F3-D00E6360C3F5}.Debug|x64.Build.0 = Debug|Any CPU
		{F79AD15D-F923-498D-B1F3-D00E6360C3F5}.Debug|x86.ActiveCfg = Debug|Any CPU
		{F79AD15D-F923-498D-B1F3-D00E6360C3F5}.Debug|x86.Build.0 = Debug|Any CPU
		{F79AD15D-F923-498D-B1F3-D00E6360C3F5}.Release|Any CPU.ActiveCfg = Release|Any CPU
		{F79AD15D-F923-498D-B1F3-D00E6360C3F5}.Release|Any CPU.Build.0 = Release|Any CPU
		{F79AD15D-F923-498D-B1F3-D00E6360C3F5}.Release|x64.ActiveCfg = Release|Any CPU
		{F79AD15D-F923-498D-B1F3-D00E6360C3F5}.Release|x64.Build.0 = Release|Any CPU
		{F79AD15D-F923-498D-B1F3-D00E6360C3F5}.Release|x86.ActiveCfg = Release|Any CPU
		{F79AD15D-F923-498D-B1F3-D00E6360C3F5}.Release|x86.Build.0 = Release|Any CPU
		{2CAE47F7-8EAC-46B7-9CAF-ABFA09201486}.Debug|Any CPU.ActiveCfg = Debug|Any CPU
		{2CAE47F7-8EAC-46B7-9CAF-ABFA09201486}.Debug|Any CPU.Build.0 = Debug|Any CPU
		{2CAE47F7-8EAC-46B7-9CAF-ABFA09201486}.Debug|x64.ActiveCfg = Debug|Any CPU
		{2CAE47F7-8EAC-46B7-9CAF-ABFA09201486}.Debug|x64.Build.0 = Debug|Any CPU
		{2CAE47F7-8EAC-46B7-9CAF-ABFA09201486}.Debug|x86.ActiveCfg = Debug|Any CPU
		{2CAE47F7-8EAC-46B7-9CAF-ABFA09201486}.Debug|x86.Build.0 = Debug|Any CPU
		{2CAE47F7-8EAC-46B7-9CAF-ABFA09201486}.Release|Any CPU.ActiveCfg = Release|Any CPU
		{2CAE47F7-8EAC-46B7-9CAF-ABFA09201486}.Release|Any CPU.Build.0 = Release|Any CPU
		{2CAE47F7-8EAC-46B7-9CAF-ABFA09201486}.Release|x64.ActiveCfg = Release|Any CPU
		{2CAE47F7-8EAC-46B7-9CAF-ABFA09201486}.Release|x64.Build.0 = Release|Any CPU
		{2CAE47F7-8EAC-46B7-9CAF-ABFA09201486}.Release|x86.ActiveCfg = Release|Any CPU
		{2CAE47F7-8EAC-46B7-9CAF-ABFA09201486}.Release|x86.Build.0 = Release|Any CPU
		{B73C50E5-DD68-4C5F-B214-7EA8AA68B6A9}.Debug|Any CPU.ActiveCfg = Debug|Any CPU
		{B73C50E5-DD68-4C5F-B214-7EA8AA68B6A9}.Debug|Any CPU.Build.0 = Debug|Any CPU
		{B73C50E5-DD68-4C5F-B214-7EA8AA68B6A9}.Debug|x64.ActiveCfg = Debug|Any CPU
		{B73C50E5-DD68-4C5F-B214-7EA8AA68B6A9}.Debug|x64.Build.0 = Debug|Any CPU
		{B73C50E5-DD68-4C5F-B214-7EA8AA68B6A9}.Debug|x86.ActiveCfg = Debug|Any CPU
		{B73C50E5-DD68-4C5F-B214-7EA8AA68B6A9}.Debug|x86.Build.0 = Debug|Any CPU
		{B73C50E5-DD68-4C5F-B214-7EA8AA68B6A9}.Release|Any CPU.ActiveCfg = Release|Any CPU
		{B73C50E5-DD68-4C5F-B214-7EA8AA68B6A9}.Release|Any CPU.Build.0 = Release|Any CPU
		{B73C50E5-DD68-4C5F-B214-7EA8AA68B6A9}.Release|x64.ActiveCfg = Release|Any CPU
		{B73C50E5-DD68-4C5F-B214-7EA8AA68B6A9}.Release|x64.Build.0 = Release|Any CPU
		{B73C50E5-DD68-4C5F-B214-7EA8AA68B6A9}.Release|x86.ActiveCfg = Release|Any CPU
		{B73C50E5-DD68-4C5F-B214-7EA8AA68B6A9}.Release|x86.Build.0 = Release|Any CPU
		{E0A6247D-DB07-493C-BC19-20494D9CF30F}.Debug|Any CPU.ActiveCfg = Debug|Any CPU
		{E0A6247D-DB07-493C-BC19-20494D9CF30F}.Debug|Any CPU.Build.0 = Debug|Any CPU
		{E0A6247D-DB07-493C-BC19-20494D9CF30F}.Debug|x64.ActiveCfg = Debug|Any CPU
		{E0A6247D-DB07-493C-BC19-20494D9CF30F}.Debug|x64.Build.0 = Debug|Any CPU
		{E0A6247D-DB07-493C-BC19-20494D9CF30F}.Debug|x86.ActiveCfg = Debug|Any CPU
		{E0A6247D-DB07-493C-BC19-20494D9CF30F}.Debug|x86.Build.0 = Debug|Any CPU
		{E0A6247D-DB07-493C-BC19-20494D9CF30F}.Release|Any CPU.ActiveCfg = Release|Any CPU
		{E0A6247D-DB07-493C-BC19-20494D9CF30F}.Release|Any CPU.Build.0 = Release|Any CPU
		{E0A6247D-DB07-493C-BC19-20494D9CF30F}.Release|x64.ActiveCfg = Release|Any CPU
		{E0A6247D-DB07-493C-BC19-20494D9CF30F}.Release|x64.Build.0 = Release|Any CPU
		{E0A6247D-DB07-493C-BC19-20494D9CF30F}.Release|x86.ActiveCfg = Release|Any CPU
		{E0A6247D-DB07-493C-BC19-20494D9CF30F}.Release|x86.Build.0 = Release|Any CPU
		{59BC4B8A-62D8-4B4A-971F-4AD31AEB890A}.Debug|Any CPU.ActiveCfg = Debug|Any CPU
		{59BC4B8A-62D8-4B4A-971F-4AD31AEB890A}.Debug|Any CPU.Build.0 = Debug|Any CPU
		{59BC4B8A-62D8-4B4A-971F-4AD31AEB890A}.Debug|x64.ActiveCfg = Debug|Any CPU
		{59BC4B8A-62D8-4B4A-971F-4AD31AEB890A}.Debug|x64.Build.0 = Debug|Any CPU
		{59BC4B8A-62D8-4B4A-971F-4AD31AEB890A}.Debug|x86.ActiveCfg = Debug|Any CPU
		{59BC4B8A-62D8-4B4A-971F-4AD31AEB890A}.Debug|x86.Build.0 = Debug|Any CPU
		{59BC4B8A-62D8-4B4A-971F-4AD31AEB890A}.Release|Any CPU.ActiveCfg = Release|Any CPU
		{59BC4B8A-62D8-4B4A-971F-4AD31AEB890A}.Release|Any CPU.Build.0 = Release|Any CPU
		{59BC4B8A-62D8-4B4A-971F-4AD31AEB890A}.Release|x64.ActiveCfg = Release|Any CPU
		{59BC4B8A-62D8-4B4A-971F-4AD31AEB890A}.Release|x64.Build.0 = Release|Any CPU
		{59BC4B8A-62D8-4B4A-971F-4AD31AEB890A}.Release|x86.ActiveCfg = Release|Any CPU
		{59BC4B8A-62D8-4B4A-971F-4AD31AEB890A}.Release|x86.Build.0 = Release|Any CPU
		{0A919117-6128-430D-A2AC-A36096AC6D11}.Debug|Any CPU.ActiveCfg = Debug|Any CPU
		{0A919117-6128-430D-A2AC-A36096AC6D11}.Debug|Any CPU.Build.0 = Debug|Any CPU
		{0A919117-6128-430D-A2AC-A36096AC6D11}.Debug|x64.ActiveCfg = Debug|Any CPU
		{0A919117-6128-430D-A2AC-A36096AC6D11}.Debug|x64.Build.0 = Debug|Any CPU
		{0A919117-6128-430D-A2AC-A36096AC6D11}.Debug|x86.ActiveCfg = Debug|Any CPU
		{0A919117-6128-430D-A2AC-A36096AC6D11}.Debug|x86.Build.0 = Debug|Any CPU
		{0A919117-6128-430D-A2AC-A36096AC6D11}.Release|Any CPU.ActiveCfg = Release|Any CPU
		{0A919117-6128-430D-A2AC-A36096AC6D11}.Release|Any CPU.Build.0 = Release|Any CPU
		{0A919117-6128-430D-A2AC-A36096AC6D11}.Release|x64.ActiveCfg = Release|Any CPU
		{0A919117-6128-430D-A2AC-A36096AC6D11}.Release|x64.Build.0 = Release|Any CPU
		{0A919117-6128-430D-A2AC-A36096AC6D11}.Release|x86.ActiveCfg = Release|Any CPU
		{0A919117-6128-430D-A2AC-A36096AC6D11}.Release|x86.Build.0 = Release|Any CPU
		{6EE7A547-B000-46F7-9E8C-1AF2EBDD15CC}.Debug|Any CPU.ActiveCfg = Debug|Any CPU
		{6EE7A547-B000-46F7-9E8C-1AF2EBDD15CC}.Debug|Any CPU.Build.0 = Debug|Any CPU
		{6EE7A547-B000-46F7-9E8C-1AF2EBDD15CC}.Debug|x64.ActiveCfg = Debug|Any CPU
		{6EE7A547-B000-46F7-9E8C-1AF2EBDD15CC}.Debug|x64.Build.0 = Debug|Any CPU
		{6EE7A547-B000-46F7-9E8C-1AF2EBDD15CC}.Debug|x86.ActiveCfg = Debug|Any CPU
		{6EE7A547-B000-46F7-9E8C-1AF2EBDD15CC}.Debug|x86.Build.0 = Debug|Any CPU
		{6EE7A547-B000-46F7-9E8C-1AF2EBDD15CC}.Release|Any CPU.ActiveCfg = Release|Any CPU
		{6EE7A547-B000-46F7-9E8C-1AF2EBDD15CC}.Release|Any CPU.Build.0 = Release|Any CPU
		{6EE7A547-B000-46F7-9E8C-1AF2EBDD15CC}.Release|x64.ActiveCfg = Release|Any CPU
		{6EE7A547-B000-46F7-9E8C-1AF2EBDD15CC}.Release|x64.Build.0 = Release|Any CPU
		{6EE7A547-B000-46F7-9E8C-1AF2EBDD15CC}.Release|x86.ActiveCfg = Release|Any CPU
		{6EE7A547-B000-46F7-9E8C-1AF2EBDD15CC}.Release|x86.Build.0 = Release|Any CPU
	EndGlobalSection
	GlobalSection(SolutionProperties) = preSolution
		HideSolutionNode = FALSE
	EndGlobalSection
	GlobalSection(NestedProjects) = preSolution
		{C7F0D1B2-BADC-7D06-21E4-1F77940F41FA} = {CA253913-39DE-BFD0-C9A3-4B7EC6FBDF17}
		{FD0D7319-B6E0-4E22-BD83-C6EBD27640CC} = {C7F0D1B2-BADC-7D06-21E4-1F77940F41FA}
		{F7CD6C97-8F58-444C-84BA-2D2866E6AD9B} = {C7F0D1B2-BADC-7D06-21E4-1F77940F41FA}
		{D5508904-1E4B-46D0-9B7B-4708B5AE85B0} = {C7F0D1B2-BADC-7D06-21E4-1F77940F41FA}
		{AD5499ED-D4F1-A0A2-3277-706E091CFC62} = {CA253913-39DE-BFD0-C9A3-4B7EC6FBDF17}
		{B9BE5231-D77B-4DE9-9B46-ACFB5DD6CEA7} = {AD5499ED-D4F1-A0A2-3277-706E091CFC62}
		{B467CE81-749E-45C0-9596-0D8E8F0A61CC} = {AD5499ED-D4F1-A0A2-3277-706E091CFC62}
		{F79AD15D-F923-498D-B1F3-D00E6360C3F5} = {AD5499ED-D4F1-A0A2-3277-706E091CFC62}
		{293C06CD-4E17-48BD-9F3B-B5ADDFFA9425} = {CA253913-39DE-BFD0-C9A3-4B7EC6FBDF17}
		{2CAE47F7-8EAC-46B7-9CAF-ABFA09201486} = {293C06CD-4E17-48BD-9F3B-B5ADDFFA9425}
		{B73C50E5-DD68-4C5F-B214-7EA8AA68B6A9} = {293C06CD-4E17-48BD-9F3B-B5ADDFFA9425}
		{E0A6247D-DB07-493C-BC19-20494D9CF30F} = {293C06CD-4E17-48BD-9F3B-B5ADDFFA9425}
		{45CD067C-33C4-C372-B034-427CD4E5B7A1} = {CA253913-39DE-BFD0-C9A3-4B7EC6FBDF17}
		{59BC4B8A-62D8-4B4A-971F-4AD31AEB890A} = {45CD067C-33C4-C372-B034-427CD4E5B7A1}
		{0A919117-6128-430D-A2AC-A36096AC6D11} = {45CD067C-33C4-C372-B034-427CD4E5B7A1}
		{6EE7A547-B000-46F7-9E8C-1AF2EBDD15CC} = {45CD067C-33C4-C372-B034-427CD4E5B7A1}
	EndGlobalSection
EndGlobal
